
Microsoft Visual Studio Solution File, Format Version 12.00
# Visual Studio Version 16
VisualStudioVersion = 16.0.29201.188
MinimumVisualStudioVersion = 10.0.40219.1
Project("{FAE04EC0-301F-11D3-BF4B-00C04F79EFBC}") = "MyLeasing.Common", "MyLeasing.Common\MyLeasing.Common.csproj", "{EF6CA76E-C1E0-40EF-A0C0-288D8CD2BFAA}"
EndProject
Project("{FAE04EC0-301F-11D3-BF4B-00C04F79EFBC}") = "MyLeasing.Web", "MyLeasing.Web\MyLeasing.Web.csproj", "{B10F369B-29C3-4EE8-8CC5-3C7FC024D15B}"
EndProject
Global
	GlobalSection(SolutionConfigurationPlatforms) = preSolution
		Debug|Any CPU = Debug|Any CPU
		Release|Any CPU = Release|Any CPU
	EndGlobalSection
	GlobalSection(ProjectConfigurationPlatforms) = postSolution
		{EF6CA76E-C1E0-40EF-A0C0-288D8CD2BFAA}.Debug|Any CPU.ActiveCfg = Debug|Any CPU
		{EF6CA76E-C1E0-40EF-A0C0-288D8CD2BFAA}.Debug|Any CPU.Build.0 = Debug|Any CPU
		{EF6CA76E-C1E0-40EF-A0C0-288D8CD2BFAA}.Release|Any CPU.ActiveCfg = Release|Any CPU
		{EF6CA76E-C1E0-40EF-A0C0-288D8CD2BFAA}.Release|Any CPU.Build.0 = Release|Any CPU
		{B10F369B-29C3-4EE8-8CC5-3C7FC024D15B}.Debug|Any CPU.ActiveCfg = Debug|Any CPU
		{B10F369B-29C3-4EE8-8CC5-3C7FC024D15B}.Debug|Any CPU.Build.0 = Debug|Any CPU
		{B10F369B-29C3-4EE8-8CC5-3C7FC024D15B}.Release|Any CPU.ActiveCfg = Release|Any CPU
		{B10F369B-29C3-4EE8-8CC5-3C7FC024D15B}.Release|Any CPU.Build.0 = Release|Any CPU
	EndGlobalSection
	GlobalSection(SolutionProperties) = preSolution
		HideSolutionNode = FALSE
	EndGlobalSection
	GlobalSection(ExtensibilityGlobals) = postSolution
		SolutionGuid = {C798C21C-3D86-445A-9417-0011C48276E9}
	EndGlobalSection
EndGlobal
